
Microsoft Visual Studio Solution File, Format Version 12.00
# Visual Studio Version 16
VisualStudioVersion = 16.0.29728.190
MinimumVisualStudioVersion = 10.0.40219.1
Project("{FAE04EC0-301F-11D3-BF4B-00C04F79EFBC}") = "VersaoAndroid", "VersaoAndroid\VersaoAndroid.csproj", "{F64EF141-1E83-4EDF-A998-BEEF5838B3A7}"
EndProject
Global
	GlobalSection(SolutionConfigurationPlatforms) = preSolution
		Debug|Any CPU = Debug|Any CPU
		Release|Any CPU = Release|Any CPU
	EndGlobalSection
	GlobalSection(ProjectConfigurationPlatforms) = postSolution
		{F64EF141-1E83-4EDF-A998-BEEF5838B3A7}.Debug|Any CPU.ActiveCfg = Debug|Any CPU
		{F64EF141-1E83-4EDF-A998-BEEF5838B3A7}.Debug|Any CPU.Build.0 = Debug|Any CPU
		{F64EF141-1E83-4EDF-A998-BEEF5838B3A7}.Debug|Any CPU.Deploy.0 = Debug|Any CPU
		{F64EF141-1E83-4EDF-A998-BEEF5838B3A7}.Release|Any CPU.ActiveCfg = Release|Any CPU
		{F64EF141-1E83-4EDF-A998-BEEF5838B3A7}.Release|Any CPU.Build.0 = Release|Any CPU
		{F64EF141-1E83-4EDF-A998-BEEF5838B3A7}.Release|Any CPU.Deploy.0 = Release|Any CPU
	EndGlobalSection
	GlobalSection(SolutionProperties) = preSolution
		HideSolutionNode = FALSE
	EndGlobalSection
	GlobalSection(ExtensibilityGlobals) = postSolution
		SolutionGuid = {63F930B6-E6F2-499C-9B91-1A97B937B919}
	EndGlobalSection
EndGlobal
